
Microsoft Visual Studio Solution File, Format Version 12.00
# Visual Studio Version 17
VisualStudioVersion = 17.6.33829.357
MinimumVisualStudioVersion = 10.0.40219.1
Project("{FAE04EC0-301F-11D3-BF4B-00C04F79EFBC}") = "WpfApp3", "WpfApp3\WpfApp3.csproj", "{E1B7F605-9319-4014-BD5F-432F33685790}"
EndProject
Global
	GlobalSection(SolutionConfigurationPlatforms) = preSolution
		Debug|Any CPU = Debug|Any CPU
		Release|Any CPU = Release|Any CPU
	EndGlobalSection
	GlobalSection(ProjectConfigurationPlatforms) = postSolution
		{E1B7F605-9319-4014-BD5F-432F33685790}.Debug|Any CPU.ActiveCfg = Debug|Any CPU
		{E1B7F605-9319-4014-BD5F-432F33685790}.Debug|Any CPU.Build.0 = Debug|Any CPU
		{E1B7F605-9319-4014-BD5F-432F33685790}.Release|Any CPU.ActiveCfg = Release|Any CPU
		{E1B7F605-9319-4014-BD5F-432F33685790}.Release|Any CPU.Build.0 = Release|Any CPU
	EndGlobalSection
	GlobalSection(SolutionProperties) = preSolution
		HideSolutionNode = FALSE
	EndGlobalSection
	GlobalSection(ExtensibilityGlobals) = postSolution
		SolutionGuid = {D54EEE80-10D6-4A37-B634-3AB54A2148D2}
	EndGlobalSection
EndGlobal
